<?xml version="1.0" encoding="UTF-8" standalone="yes" ?>
<CodeBlocks_project_file>
	<FileVersion major="1" minor="6" />
	<Project>
		<Option title="ProyectoCodeBlocks" />
		<Option pch_mode="2" />
		<Option compiler="gcc" />
		<Build>
			<Target title="Debug">
				<Option output="bin/Debug/ProyectoCodeBlocks" prefix_auto="1" extension_auto="1" />
				<Option object_output="obj/Debug/" />
				<Option type="1" />
				<Option compiler="gcc" />
				<Compiler>
					<Add option="-g" />
				</Compiler>
			</Target>
			<Target title="Release">
				<Option output="bin/Release/ProyectoCodeBlocks" prefix_auto="1" extension_auto="1" />
				<Option object_output="obj/Release/" />
				<Option type="1" />
				<Option compiler="gcc" />
				<Compiler>
					<Add option="-O2" />
				</Compiler>
				<Linker>
					<Add option="-s" />
				</Linker>
			</Target>
		</Build>
		<Compiler>
			<Add option="-Wall" />
		</Compiler>
		<Unit filename="headers/Cliente.hpp" />
		<Unit filename="headers/ColaPaquetes.hpp" />
		<Unit filename="headers/Furgoneta.hpp" />
		<Unit filename="headers/Gestor.hpp" />
		<Unit filename="headers/MuellesCarga.hpp" />
		<Unit filename="headers/Paquete.hpp" />
		<Unit filename="headers/ProyectoEEDD.hpp" />
		<Unit filename="src/Cliente.cpp" />
		<Unit filename="src/ColaPaquetes.cpp" />
		<Unit filename="src/Furgoneta.cpp" />
		<Unit filename="src/Gestor.cpp" />
		<Unit filename="src/MuellesCarga.cpp" />
		<Unit filename="src/Paquete.cpp" />
		<Unit filename="src/ProyectoEEDD.cpp" />
		<Extensions>
			<lib_finder disable_auto="1" />
		</Extensions>
	</Project>
</CodeBlocks_project_file>
